
Microsoft Visual Studio Solution File, Format Version 12.00
# Visual Studio Version 17
VisualStudioVersion = 17.0.31912.275
MinimumVisualStudioVersion = 10.0.40219.1
Project("{9A19103F-16F7-4668-BE54-9A1E7A4F7556}") = "Advent", "Advent\Advent.csproj", "{9F1AE24C-EBC9-4A69-99F2-43F86D3C0331}"
EndProject
Global
	GlobalSection(SolutionConfigurationPlatforms) = preSolution
		Debug|Any CPU = Debug|Any CPU
		Release|Any CPU = Release|Any CPU
	EndGlobalSection
	GlobalSection(ProjectConfigurationPlatforms) = postSolution
		{9F1AE24C-EBC9-4A69-99F2-43F86D3C0331}.Debug|Any CPU.ActiveCfg = Debug|Any CPU
		{9F1AE24C-EBC9-4A69-99F2-43F86D3C0331}.Debug|Any CPU.Build.0 = Debug|Any CPU
		{9F1AE24C-EBC9-4A69-99F2-43F86D3C0331}.Release|Any CPU.ActiveCfg = Release|Any CPU
		{9F1AE24C-EBC9-4A69-99F2-43F86D3C0331}.Release|Any CPU.Build.0 = Release|Any CPU
	EndGlobalSection
	GlobalSection(SolutionProperties) = preSolution
		HideSolutionNode = FALSE
	EndGlobalSection
	GlobalSection(ExtensibilityGlobals) = postSolution
		SolutionGuid = {12E21F3F-7358-4163-B844-F5DC74BFB9D5}
	EndGlobalSection
EndGlobal
